# This file is autogenerated, do not edit; changes may be undone by the next 'dep ensure'.


[[projects]]
  branch = "master"
  name = "github.com/agl/ed25519"
  packages = [
    ".",
    "edwards25519",
    "extra25519"
  ]
  revision = "5312a61534124124185d41f09206b9fef1d88403"

[[projects]]
  name = "github.com/btcsuite/btcd"
  packages = ["btcec"]
  revision = "0ef0d8c59b58ccfc8ac814dd6dac3990d4a16be2"

[[projects]]
  branch = "master"
  name = "github.com/coreos/go-semver"
  packages = ["semver"]
  revision = "e214231b295a8ea9479f11b70b35d5acf3556d9b"

[[projects]]
  branch = "master"
  name = "github.com/docker/spdystream"
  packages = [
    ".",
    "spdy"
  ]
  revision = "bc6354cbbc295e925e4c611ffe90c1f287ee54db"

[[projects]]
  name = "github.com/fd/go-nat"
  packages = ["."]
  revision = "dcaf50131e4810440bed2cbb6f7f32c4f4cc95dd"

[[projects]]
  name = "github.com/gogo/protobuf"
  packages = [
    "io",
    "proto"
  ]
  revision = "d5bc08a2c4c572e9bcff820aa125fe38ac3a3a42"

[[projects]]
  name = "github.com/gorilla/websocket"
  packages = ["."]
  revision = "6656ddce919367f4c4090b0f89a45854d26da020"

[[projects]]
  branch = "master"
  name = "github.com/gxed/GoEndian"
  packages = ["."]
  revision = "0f5c6873267e5abf306ffcdfcfa4bf77517ef4a7"

[[projects]]
  branch = "master"
  name = "github.com/gxed/eventfd"
  packages = ["."]
  revision = "80a92cca79a8041496ccc9dd773fcb52a57ec6f9"

[[projects]]
  branch = "master"
  name = "github.com/gxed/hashland"
  packages = ["keccakpg"]
  revision = "d9f6b97f8db22dd1e090fd0bbbe98f09cc7dd0a8"

[[projects]]
  name = "github.com/hashicorp/golang-lru"
  packages = ["."]
  revision = "253b2dc1ca8bae42c3b5b6e53dd2eab1a7551116"

[[projects]]
  name = "github.com/huin/goupnp"
  packages = [
    ".",
    "dcps/internetgateway1",
    "dcps/internetgateway2",
    "httpu",
    "scpd",
    "soap",
    "ssdp"
  ]
  revision = "e25a5cc217cad359cb2c52d1529d5ad7489752c2"

[[projects]]
  name = "github.com/ipfs/go-cid"
  packages = ["."]
  revision = "078355866b1dda1658b5fdc5496ed7e25fdcf883"
  version = "v0.7.20"

[[projects]]
  name = "github.com/ipfs/go-datastore"
  packages = [
    ".",
    "autobatch",
    "query"
  ]
  revision = "f2426c09e56ae390fc416f21b224c7d7ad13418c"
  version = "v2.4.0"

[[projects]]
  name = "github.com/ipfs/go-ipfs-addr"
  packages = ["."]
  revision = "ecd5c1b63db56879f0a44a7a2bb1cf2b7ebcd74e"
  version = "v0.1.7"

[[projects]]
  name = "github.com/ipfs/go-ipfs-util"
  packages = ["."]
  revision = "9ed527918c2f20abdf0adfab0553cd87db34f656"
  version = "v1.2.7"

[[projects]]
  name = "github.com/ipfs/go-log"
  packages = ["."]
  revision = "0e2a17b81af445147a78d94a45d4398c4008c219"

[[projects]]
  branch = "master"
  name = "github.com/ipfs/go-todocounter"
  packages = ["."]
  revision = "1e832b829506383050e6eebd12e05ea41a451532"

[[projects]]
  name = "github.com/jackpal/gateway"
  packages = ["."]
  revision = "5795ac81146e01d3fab7bcf21c043c3d6a32b006"

[[projects]]
  branch = "master"
  name = "github.com/jackpal/go-nat-pmp"
  packages = ["."]
  revision = "28a68d0c24adce1da43f8df6a57340909ecd7fdd"

[[projects]]
  branch = "master"
  name = "github.com/jbenet/go-context"
  packages = [
    "frac",
    "io"
  ]
  revision = "d14ea06fba99483203c19d92cfcd13ebe73135f4"

[[projects]]
  branch = "master"
  name = "github.com/jbenet/go-temp-err-catcher"
  packages = ["."]
  revision = "aac704a3f4f27190b4ccc05f303a4931fd1241ff"

[[projects]]
  branch = "master"
  name = "github.com/jbenet/goprocess"
  packages = [
    ".",
    "context",
    "periodic",
    "ratelimit"
  ]
  revision = "b497e2f366b8624394fb2e89c10ab607bebdde0b"

[[projects]]
  name = "github.com/libp2p/go-addr-util"
  packages = ["."]
  revision = "a9d6b939b59796c4933f56a8e628d6682d8d2a05"
  version = "v1.2.6"

[[projects]]
  branch = "master"
  name = "github.com/libp2p/go-flow-metrics"
  packages = ["."]
  revision = "3b3bcfcf78f2dc0e85be13ef3c3adc64cc5a9347"

[[projects]]
  name = "github.com/libp2p/go-libp2p"
  packages = [
    "p2p/host/basic",
    "p2p/protocol/identify",
    "p2p/protocol/identify/pb"
  ]
  revision = "5180df872e5ef34074bc6977b78f6b6e98553788"

[[projects]]
  name = "github.com/libp2p/go-libp2p-circuit"
  packages = [
    ".",
    "pb"
  ]
  revision = "e85b2ba300206b73ffce804a1af20862ff1e12de"
  version = "v2.0.10"

[[projects]]
  name = "github.com/libp2p/go-libp2p-conn"
  packages = ["."]
  revision = "8058ec7c7d8d3834119a164005482ea696f028e4"

[[projects]]
  name = "github.com/libp2p/go-libp2p-crypto"
  packages = [
    ".",
    "pb"
  ]
  revision = "f2afd8b3d4e358a6092159c813cb2bdf6d984e68"
  version = "v1.6.0"

[[projects]]
  name = "github.com/libp2p/go-libp2p-host"
  packages = ["."]
  revision = "dfeeb00fc9decef43a6bc47b555a530cb38e0c62"
  version = "v2.1.5"

[[projects]]
  name = "github.com/libp2p/go-libp2p-interface-conn"
  packages = ["."]
  revision = "0635e022759c738c55b7769cc6307506946089b9"

[[projects]]
  name = "github.com/libp2p/go-libp2p-interface-connmgr"
  packages = ["."]
  revision = "201197111979ad70393a51d80cb12c5dfcee9d01"
  version = "v0.0.6"

[[projects]]
  name = "github.com/libp2p/go-libp2p-interface-pnet"
  packages = ["."]
  revision = "adc9472a14d21a9da75b21a8fba6b97f18ec545e"
  version = "v2.1.6"

[[projects]]
  name = "github.com/libp2p/go-libp2p-kad-dht"
  packages = [
    ".",
    "pb",
    "providers"
  ]
  revision = "911433bc89860f0286b5d61d993bb8ccaec000d4"

[[projects]]
  name = "github.com/libp2p/go-libp2p-kbucket"
  packages = [
    ".",
    "keyspace"
  ]
  revision = "7da2b076a8413683749fe552def3eed6804b03f7"
  version = "v2.1.17"

[[projects]]
  name = "github.com/libp2p/go-libp2p-loggables"
  packages = ["."]
  revision = "7a534896f9574b69081fa4e3a192270465719ced"
  version = "v1.1.13"

[[projects]]
  name = "github.com/libp2p/go-libp2p-metrics"
  packages = [
    ".",
    "conn",
    "stream"
  ]
  revision = "a3a76fa99809135a2421982ff2958a544aa517ee"
  version = "v2.0.4"

[[projects]]
  name = "github.com/libp2p/go-libp2p-nat"
  packages = ["."]
  revision = "469319376dce9de8de967a034bf579b4ae7be44d"
  version = "v0.0.7"

[[projects]]
  name = "github.com/libp2p/go-libp2p-net"
  packages = ["."]
  revision = "64c31f18a9753193909544f1a606148894cbe878"

[[projects]]
  name = "github.com/libp2p/go-libp2p-peer"
  packages = [
    ".",
    "peerset"
  ]
  revision = "296ae64e3db4af20e64270faa18e28797643480e"

[[projects]]
  name = "github.com/libp2p/go-libp2p-peerstore"
  packages = [
    ".",
    "addr",
    "queue"
  ]
  revision = "2c122745dcc9c03c80b0203ce89c445ace6aa596"
  version = "v1.4.15"

[[projects]]
  branch = "master"
  name = "github.com/libp2p/go-libp2p-protocol"
  packages = ["."]
  revision = "b29f3d97e3a2fb8b29c5d04290e6cb5c5018004b"

[[projects]]
  name = "github.com/libp2p/go-libp2p-record"
  packages = [
    ".",
    "pb"
  ]
  revision = "6774ecef51dde72303f21f45aa4bf72a3aed18d1"
  version = "v4.0.0"

[[projects]]
  name = "github.com/libp2p/go-libp2p-routing"
  packages = [
    ".",
    "notifications"
  ]
  revision = "559f55cc93672421b61e89e2c19d35e5bed761e9"
  version = "v2.2.21"

[[projects]]
  name = "github.com/libp2p/go-libp2p-secio"
  packages = [
    ".",
    "pb"
  ]
  revision = "437de218ca1fc65dfbf7b2b084519665bbaf7781"
  version = "v1.2.6"

[[projects]]
  name = "github.com/libp2p/go-libp2p-swarm"
  packages = ["."]
  revision = "881b974a81faf652c196bda4331300683f18b539"

[[projects]]
  name = "github.com/libp2p/go-libp2p-transport"
  packages = ["."]
  revision = "7f67e6aa68aa4b679c21179d32ab08d77a149cef"
  version = "v2.2.13"

[[projects]]
  name = "github.com/libp2p/go-maddr-filter"
  packages = ["."]
  revision = "3c9947befbb92277cc5f85057d387097debc4139"
  version = "v1.1.6"

[[projects]]
  branch = "master"
  name = "github.com/libp2p/go-msgio"
  packages = [
    ".",
    "mpool"
  ]
  revision = "d82125c9907e1365775356505f14277d47dfd4d6"

[[projects]]
  name = "github.com/libp2p/go-peerstream"
  packages = ["."]
  revision = "de27dedf2287a2bd7030a1ecc94a6913385e6cfe"

[[projects]]
  name = "github.com/libp2p/go-reuseport"
  packages = [
    ".",
    "poll",
    "singlepoll"
  ]
  revision = "5f99154da15f232dd930262ecfaa44baa20bd2f8"
  version = "v0.1.10"

[[projects]]
  name = "github.com/libp2p/go-sockaddr"
  packages = ["net"]
  revision = "09ae606455f81dc795c406a93b35993fcfc3a912"

[[projects]]
  name = "github.com/libp2p/go-stream-muxer"
  packages = ["."]
  revision = "6ebe3f58af097068454b167a89442050b023b571"

[[projects]]
  name = "github.com/libp2p/go-tcp-transport"
  packages = ["."]
  revision = "578cd65fcec1d08d226d1b186e4548065e6bd65c"
  version = "v1.2.8"

[[projects]]
  name = "github.com/libp2p/go-ws-transport"
  packages = ["."]
  revision = "0cf90461ccc19765a5afafa9c2f58291471f1f09"
  version = "v1.6.5"

[[projects]]
  branch = "master"
  name = "github.com/minio/blake2b-simd"
  packages = ["."]
  revision = "3f5f724cb5b182a5c278d6d3d55b40e7f8c2efb4"

[[projects]]
  branch = "master"
  name = "github.com/minio/sha256-simd"
  packages = ["."]
  revision = "ad98a36ba0da87206e3378c556abbfeaeaa98668"

[[projects]]
  name = "github.com/mr-tron/base58"
  packages = ["base58"]
  revision = "c1bdf7c52f59d6685ca597b9955a443ff95eeee6"

[[projects]]
  name = "github.com/multiformats/go-multiaddr"
  packages = ["."]
  revision = "123a717755e0559ec8fda308019cd24e0a37bb07"
  version = "v1.2.6"

[[projects]]
  name = "github.com/multiformats/go-multiaddr-dns"
  packages = ["."]
  revision = "b431cd0a670beb991d0d0dc3defd2b89125aa34e"
  version = "v0.2.2"

[[projects]]
  name = "github.com/multiformats/go-multiaddr-net"
  packages = ["."]
  revision = "6040dff26de27e20b248b08041fdb65e6ba45b58"

[[projects]]
  name = "github.com/multiformats/go-multibase"
  packages = ["."]
  revision = "dfd5076869faca5aed2886dcba60b44a0d0e9c01"
  version = "v0.2.6"

[[projects]]
  branch = "master"
  name = "github.com/multiformats/go-multicodec-packed"
  packages = ["."]
  revision = "9004b413b478e5a878e4a879358cce02e5df4995"

[[projects]]
  name = "github.com/multiformats/go-multihash"
  packages = ["."]
  revision = "468a1b73e980e5aff011d308623e43e28c582b16"

[[projects]]
  name = "github.com/multiformats/go-multistream"
  packages = ["."]
  revision = "1bc5dd803d20cf91d8ec905ac3580e3ea3c8c995"

[[projects]]
  name = "github.com/opentracing/opentracing-go"
  packages = [
    ".",
    "ext",
    "log"
  ]
  revision = "3999fca714c888484b78cb78d68cd49afc9eca7d"

[[projects]]
  branch = "master"
  name = "github.com/satori/go.uuid"
  packages = ["."]
  revision = "36e9d2ebbde5e3f13ab2e25625fd453271d6522e"

[[projects]]
  branch = "master"
  name = "github.com/spaolacci/murmur3"
  packages = ["."]
  revision = "f09979ecbc725b9e6d41a297405f65e7e8804acc"

[[projects]]
  branch = "master"
  name = "github.com/whyrusleeping/base32"
  packages = ["."]
  revision = "c30ac30633ccdabefe87eb12465113f06f1bab75"

[[projects]]
  branch = "master"
  name = "github.com/whyrusleeping/go-keyspace"
  packages = ["."]
  revision = "5b898ac5add1da7178a4a98e69cb7b9205c085ee"

[[projects]]
  branch = "master"
  name = "github.com/whyrusleeping/go-logging"
  packages = ["."]
  revision = "0457bb6b88fc1973573aaf6b5145d8d3ae972390"

[[projects]]
  branch = "master"
  name = "github.com/whyrusleeping/go-notifier"
  packages = ["."]
  revision = "097c5d47330ff6a823f67e3515faa13566a62c6f"

[[projects]]
  name = "github.com/whyrusleeping/go-smux-multistream"
  packages = ["."]
  revision = "afa6825376c14a0462fd420a7d4b4d157c937a42"

[[projects]]
  branch = "master"
  name = "github.com/whyrusleeping/go-smux-spdystream"
  packages = ["."]
  revision = "a6182ff2a058b177f3dc7513fe198e6002f7be78"

[[projects]]
  name = "github.com/whyrusleeping/go-smux-yamux"
  packages = ["."]
  revision = "4b90b786fa86d970c5db5a3b61088de8c8c0c14c"

[[projects]]
  name = "github.com/whyrusleeping/mafmt"
  packages = ["."]
  revision = "ab6a47300c1df531e468771e7d08fcd6d33f032e"

[[projects]]
  branch = "master"
  name = "github.com/whyrusleeping/multiaddr-filter"
  packages = ["."]
  revision = "e903e4adabd70b78bc9293b6ee4f359afb3f9f59"

[[projects]]
  name = "github.com/whyrusleeping/yamux"
  packages = ["."]
  revision = "7e8368b995874cb6ce27e42d3d9115221f4c879e"

[[projects]]
  name = "golang.org/x/crypto"
  packages = [
    "blake2s",
    "blowfish",
    "ed25519",
    "ed25519/internal/edwards25519",
    "sha3"
  ]
  revision = "5119cf507ed5294cc409c092980c7497ee5d6fd2"

[[projects]]
  name = "golang.org/x/net"
  packages = [
    "context",
    "html",
    "html/atom",
    "html/charset"
  ]
  revision = "f5dfe339be1d06f81b22525fe34671ee7d2c8904"

[[projects]]
  name = "golang.org/x/sys"
  packages = [
    "unix",
    "windows"
  ]
  revision = "37707fdb30a5b38865cfb95e5aab41707daec7fd"

[[projects]]
  name = "golang.org/x/text"
  packages = [
    "encoding",
    "encoding/charmap",
    "encoding/htmlindex",
    "encoding/internal",
    "encoding/internal/identifier",
    "encoding/japanese",
    "encoding/korean",
    "encoding/simplifiedchinese",
    "encoding/traditionalchinese",
    "encoding/unicode",
    "internal/gen",
    "internal/tag",
    "internal/utf8internal",
    "language",
    "runes",
    "transform",
    "unicode/cldr"
  ]
  revision = "4e4a3210bb54bb31f6ab2cdca2edcc0b50c420c1"

[solve-meta]
  analyzer-name = "dep"
  analyzer-version = 1
  inputs-digest = "9cef8e7d3310d4bb57ea1e4f96ab6e16985130cabcee6f1f97a9cf1ab935d1c6"
  solver-name = "gps-cdcl"
  solver-version = 1
